
Microsoft Visual Studio Solution File, Format Version 12.00
# Visual Studio Version 16
VisualStudioVersion = 16.0.31019.35
MinimumVisualStudioVersion = 10.0.40219.1
Project("{9A19103F-16F7-4668-BE54-9A1E7A4F7556}") = "TaskList", "TaskList\TaskList.csproj", "{56517649-77A4-4830-B592-B512DABB56B5}"
EndProject
Project("{FAE04EC0-301F-11D3-BF4B-00C04F79EFBC}") = "TaskList.UI", "TaskList.UI\TaskList.UI.csproj", "{7BE4E82F-4FB1-489F-A0A7-5E41E0F0C17D}"
EndProject
Project("{FAE04EC0-301F-11D3-BF4B-00C04F79EFBC}") = "TaskList.Services", "TaskList.Logic\TaskList.Services.csproj", "{880CA65A-ACAF-4986-8A06-24B559AD27EE}"
EndProject
Project("{FAE04EC0-301F-11D3-BF4B-00C04F79EFBC}") = "TaskList.Database", "TaskList.Database\TaskList.Database.csproj", "{609239BD-0488-46D9-9E43-7328120C8AD6}"
EndProject
Global
	GlobalSection(SolutionConfigurationPlatforms) = preSolution
		Debug|Any CPU = Debug|Any CPU
		Release|Any CPU = Release|Any CPU
	EndGlobalSection
	GlobalSection(ProjectConfigurationPlatforms) = postSolution
		{56517649-77A4-4830-B592-B512DABB56B5}.Debug|Any CPU.ActiveCfg = Debug|Any CPU
		{56517649-77A4-4830-B592-B512DABB56B5}.Debug|Any CPU.Build.0 = Debug|Any CPU
		{56517649-77A4-4830-B592-B512DABB56B5}.Release|Any CPU.ActiveCfg = Release|Any CPU
		{56517649-77A4-4830-B592-B512DABB56B5}.Release|Any CPU.Build.0 = Release|Any CPU
		{7BE4E82F-4FB1-489F-A0A7-5E41E0F0C17D}.Debug|Any CPU.ActiveCfg = Debug|Any CPU
		{7BE4E82F-4FB1-489F-A0A7-5E41E0F0C17D}.Debug|Any CPU.Build.0 = Debug|Any CPU
		{7BE4E82F-4FB1-489F-A0A7-5E41E0F0C17D}.Release|Any CPU.ActiveCfg = Release|Any CPU
		{7BE4E82F-4FB1-489F-A0A7-5E41E0F0C17D}.Release|Any CPU.Build.0 = Release|Any CPU
		{880CA65A-ACAF-4986-8A06-24B559AD27EE}.Debug|Any CPU.ActiveCfg = Debug|Any CPU
		{880CA65A-ACAF-4986-8A06-24B559AD27EE}.Debug|Any CPU.Build.0 = Debug|Any CPU
		{880CA65A-ACAF-4986-8A06-24B559AD27EE}.Release|Any CPU.ActiveCfg = Release|Any CPU
		{880CA65A-ACAF-4986-8A06-24B559AD27EE}.Release|Any CPU.Build.0 = Release|Any CPU
		{609239BD-0488-46D9-9E43-7328120C8AD6}.Debug|Any CPU.ActiveCfg = Debug|Any CPU
		{609239BD-0488-46D9-9E43-7328120C8AD6}.Debug|Any CPU.Build.0 = Debug|Any CPU
		{609239BD-0488-46D9-9E43-7328120C8AD6}.Release|Any CPU.ActiveCfg = Release|Any CPU
		{609239BD-0488-46D9-9E43-7328120C8AD6}.Release|Any CPU.Build.0 = Release|Any CPU
	EndGlobalSection
	GlobalSection(SolutionProperties) = preSolution
		HideSolutionNode = FALSE
	EndGlobalSection
	GlobalSection(ExtensibilityGlobals) = postSolution
		SolutionGuid = {1E2B6EF2-849A-4FD3-91D9-371B83B00C6B}
	EndGlobalSection
EndGlobal
